
Microsoft Visual Studio Solution File, Format Version 12.00
# Visual Studio Version 17
VisualStudioVersion = 17.5.33516.290
MinimumVisualStudioVersion = 10.0.40219.1
Project("{FAE04EC0-301F-11D3-BF4B-00C04F79EFBC}") = "SPOReceiver", "SPOReceiver\SPOReceiver.csproj", "{D76A56DF-1BEE-40F5-9781-EB3F0913ECCB}"
EndProject
Global
	GlobalSection(SolutionConfigurationPlatforms) = preSolution
		Debug|Any CPU = Debug|Any CPU
		Release|Any CPU = Release|Any CPU
	EndGlobalSection
	GlobalSection(ProjectConfigurationPlatforms) = postSolution
		{D76A56DF-1BEE-40F5-9781-EB3F0913ECCB}.Debug|Any CPU.ActiveCfg = Debug|Any CPU
		{D76A56DF-1BEE-40F5-9781-EB3F0913ECCB}.Debug|Any CPU.Build.0 = Debug|Any CPU
		{D76A56DF-1BEE-40F5-9781-EB3F0913ECCB}.Release|Any CPU.ActiveCfg = Release|Any CPU
		{D76A56DF-1BEE-40F5-9781-EB3F0913ECCB}.Release|Any CPU.Build.0 = Release|Any CPU
	EndGlobalSection
	GlobalSection(SolutionProperties) = preSolution
		HideSolutionNode = FALSE
	EndGlobalSection
	GlobalSection(ExtensibilityGlobals) = postSolution
		SolutionGuid = {5FC855D5-8750-4DCC-B393-32EF3B241E22}
	EndGlobalSection
EndGlobal
